
Microsoft Visual Studio Solution File, Format Version 12.00
# Visual Studio Version 17
VisualStudioVersion = 17.11.35222.181
MinimumVisualStudioVersion = 10.0.40219.1
Project("{FAE04EC0-301F-11D3-BF4B-00C04F79EFBC}") = "ECommerce Website", "ECommerce Website\ECommerce Website.csproj", "{36179483-62BA-42ED-9F39-9A4DC53AD672}"
EndProject
Global
	GlobalSection(SolutionConfigurationPlatforms) = preSolution
		Debug|Any CPU = Debug|Any CPU
		Release|Any CPU = Release|Any CPU
	EndGlobalSection
	GlobalSection(ProjectConfigurationPlatforms) = postSolution
		{36179483-62BA-42ED-9F39-9A4DC53AD672}.Debug|Any CPU.ActiveCfg = Debug|Any CPU
		{36179483-62BA-42ED-9F39-9A4DC53AD672}.Debug|Any CPU.Build.0 = Debug|Any CPU
		{36179483-62BA-42ED-9F39-9A4DC53AD672}.Release|Any CPU.ActiveCfg = Release|Any CPU
		{36179483-62BA-42ED-9F39-9A4DC53AD672}.Release|Any CPU.Build.0 = Release|Any CPU
	EndGlobalSection
	GlobalSection(SolutionProperties) = preSolution
		HideSolutionNode = FALSE
	EndGlobalSection
	GlobalSection(ExtensibilityGlobals) = postSolution
		SolutionGuid = {C5BF2733-2DBB-44A8-B633-29FB3B25ED15}
	EndGlobalSection
EndGlobal
